
Microsoft Visual Studio Solution File, Format Version 12.00
# Visual Studio Version 17
VisualStudioVersion = 17.5.002.0
MinimumVisualStudioVersion = 10.0.40219.1
Project("{9A19103F-16F7-4668-BE54-9A1E7A4F7556}") = "dotnet-rpg", "dotnet-rpg.csproj", "{9D66F85B-702B-472D-9F9E-08BF40EB87FE}"
EndProject
Global
	GlobalSection(SolutionConfigurationPlatforms) = preSolution
		Debug|Any CPU = Debug|Any CPU
		Release|Any CPU = Release|Any CPU
	EndGlobalSection
	GlobalSection(ProjectConfigurationPlatforms) = postSolution
		{9D66F85B-702B-472D-9F9E-08BF40EB87FE}.Debug|Any CPU.ActiveCfg = Debug|Any CPU
		{9D66F85B-702B-472D-9F9E-08BF40EB87FE}.Debug|Any CPU.Build.0 = Debug|Any CPU
		{9D66F85B-702B-472D-9F9E-08BF40EB87FE}.Release|Any CPU.ActiveCfg = Release|Any CPU
		{9D66F85B-702B-472D-9F9E-08BF40EB87FE}.Release|Any CPU.Build.0 = Release|Any CPU
	EndGlobalSection
	GlobalSection(SolutionProperties) = preSolution
		HideSolutionNode = FALSE
	EndGlobalSection
	GlobalSection(ExtensibilityGlobals) = postSolution
		SolutionGuid = {E5377757-3E71-4117-9FE6-1CDE18EADD0A}
	EndGlobalSection
EndGlobal
